
Microsoft Visual Studio Solution File, Format Version 12.00
# Visual Studio Version 17
VisualStudioVersion = 17.0.31903.59
MinimumVisualStudioVersion = 10.0.40219.1
Project("{FAE04EC0-301F-11D3-BF4B-00C04F79EFBC}") = "backend", "backend\backend.csproj", "{94D8AE21-937F-4C09-BFC9-9FB6B386CAEA}"
EndProject
Project("{2150E333-8FDC-42A3-9474-1A3956D46DE8}") = "BuildingBlocks", "BuildingBlocks", "{7266C4A9-E384-DC00-0EB6-47F6002CFBA7}"
EndProject
Project("{FAE04EC0-301F-11D3-BF4B-00C04F79EFBC}") = "GymStore.BuildingBlocks", "BuildingBlocks\GymStore.BuildingBlocks.csproj", "{F98FEFA4-E576-40C6-8894-EC07AA5B0DB5}"
EndProject
Project("{2150E333-8FDC-42A3-9474-1A3956D46DE8}") = "Modules", "Modules", "{CA253913-39DE-BFD0-C9A3-4B7EC6FBDF17}"
EndProject
Project("{2150E333-8FDC-42A3-9474-1A3956D46DE8}") = "Cart", "Cart", "{EB586A60-27AF-8045-D933-6C2DD04C24B0}"
EndProject
Project("{FAE04EC0-301F-11D3-BF4B-00C04F79EFBC}") = "GymStore.Modules.Cart.Contracts", "Modules\Cart\GymStore.Modules.Cart.Contracts\GymStore.Modules.Cart.Contracts.csproj", "{86B6C4E8-963D-41BC-B577-D3D61B0B6A1F}"
EndProject
Project("{FAE04EC0-301F-11D3-BF4B-00C04F79EFBC}") = "GymStore.Modules.Cart", "Modules\Cart\GymStore.Modules.Cart\GymStore.Modules.Cart.csproj", "{3C55F280-C6DF-4FEE-8AD2-B8D51CD4C84F}"
EndProject
Project("{FAE04EC0-301F-11D3-BF4B-00C04F79EFBC}") = "GymStore.Modules.Cart.Tests", "Modules\Cart\GymStore.Modules.Cart.Tests\GymStore.Modules.Cart.Tests.csproj", "{EA422B4E-BB8C-41B4-AFF7-97BF3897EA67}"
EndProject
Global
	GlobalSection(SolutionConfigurationPlatforms) = preSolution
		Debug|Any CPU = Debug|Any CPU
		Debug|x64 = Debug|x64
		Debug|x86 = Debug|x86
		Release|Any CPU = Release|Any CPU
		Release|x64 = Release|x64
		Release|x86 = Release|x86
	EndGlobalSection
	GlobalSection(ProjectConfigurationPlatforms) = postSolution
		{94D8AE21-937F-4C09-BFC9-9FB6B386CAEA}.Debug|Any CPU.ActiveCfg = Debug|Any CPU
		{94D8AE21-937F-4C09-BFC9-9FB6B386CAEA}.Debug|Any CPU.Build.0 = Debug|Any CPU
		{94D8AE21-937F-4C09-BFC9-9FB6B386CAEA}.Debug|x64.ActiveCfg = Debug|Any CPU
		{94D8AE21-937F-4C09-BFC9-9FB6B386CAEA}.Debug|x64.Build.0 = Debug|Any CPU
		{94D8AE21-937F-4C09-BFC9-9FB6B386CAEA}.Debug|x86.ActiveCfg = Debug|Any CPU
		{94D8AE21-937F-4C09-BFC9-9FB6B386CAEA}.Debug|x86.Build.0 = Debug|Any CPU
		{94D8AE21-937F-4C09-BFC9-9FB6B386CAEA}.Release|Any CPU.ActiveCfg = Release|Any CPU
		{94D8AE21-937F-4C09-BFC9-9FB6B386CAEA}.Release|Any CPU.Build.0 = Release|Any CPU
		{94D8AE21-937F-4C09-BFC9-9FB6B386CAEA}.Release|x64.ActiveCfg = Release|Any CPU
		{94D8AE21-937F-4C09-BFC9-9FB6B386CAEA}.Release|x64.Build.0 = Release|Any CPU
		{94D8AE21-937F-4C09-BFC9-9FB6B386CAEA}.Release|x86.ActiveCfg = Release|Any CPU
		{94D8AE21-937F-4C09-BFC9-9FB6B386CAEA}.Release|x86.Build.0 = Release|Any CPU
		{F98FEFA4-E576-40C6-8894-EC07AA5B0DB5}.Debug|Any CPU.ActiveCfg = Debug|Any CPU
		{F98FEFA4-E576-40C6-8894-EC07AA5B0DB5}.Debug|Any CPU.Build.0 = Debug|Any CPU
		{F98FEFA4-E576-40C6-8894-EC07AA5B0DB5}.Debug|x64.ActiveCfg = Debug|Any CPU
		{F98FEFA4-E576-40C6-8894-EC07AA5B0DB5}.Debug|x64.Build.0 = Debug|Any CPU
		{F98FEFA4-E576-40C6-8894-EC07AA5B0DB5}.Debug|x86.ActiveCfg = Debug|Any CPU
		{F98FEFA4-E576-40C6-8894-EC07AA5B0DB5}.Debug|x86.Build.0 = Debug|Any CPU
		{F98FEFA4-E576-40C6-8894-EC07AA5B0DB5}.Release|Any CPU.ActiveCfg = Release|Any CPU
		{F98FEFA4-E576-40C6-8894-EC07AA5B0DB5}.Release|Any CPU.Build.0 = Release|Any CPU
		{F98FEFA4-E576-40C6-8894-EC07AA5B0DB5}.Release|x64.ActiveCfg = Release|Any CPU
		{F98FEFA4-E576-40C6-8894-EC07AA5B0DB5}.Release|x64.Build.0 = Release|Any CPU
		{F98FEFA4-E576-40C6-8894-EC07AA5B0DB5}.Release|x86.ActiveCfg = Release|Any CPU
		{F98FEFA4-E576-40C6-8894-EC07AA5B0DB5}.Release|x86.Build.0 = Release|Any CPU
		{86B6C4E8-963D-41BC-B577-D3D61B0B6A1F}.Debug|Any CPU.ActiveCfg = Debug|Any CPU
		{86B6C4E8-963D-41BC-B577-D3D61B0B6A1F}.Debug|Any CPU.Build.0 = Debug|Any CPU
		{86B6C4E8-963D-41BC-B577-D3D61B0B6A1F}.Debug|x64.ActiveCfg = Debug|Any CPU
		{86B6C4E8-963D-41BC-B577-D3D61B0B6A1F}.Debug|x64.Build.0 = Debug|Any CPU
		{86B6C4E8-963D-41BC-B577-D3D61B0B6A1F}.Debug|x86.ActiveCfg = Debug|Any CPU
		{86B6C4E8-963D-41BC-B577-D3D61B0B6A1F}.Debug|x86.Build.0 = Debug|Any CPU
		{86B6C4E8-963D-41BC-B577-D3D61B0B6A1F}.Release|Any CPU.ActiveCfg = Release|Any CPU
		{86B6C4E8-963D-41BC-B577-D3D61B0B6A1F}.Release|Any CPU.Build.0 = Release|Any CPU
		{86B6C4E8-963D-41BC-B577-D3D61B0B6A1F}.Release|x64.ActiveCfg = Release|Any CPU
		{86B6C4E8-963D-41BC-B577-D3D61B0B6A1F}.Release|x64.Build.0 = Release|Any CPU
		{86B6C4E8-963D-41BC-B577-D3D61B0B6A1F}.Release|x86.ActiveCfg = Release|Any CPU
		{86B6C4E8-963D-41BC-B577-D3D61B0B6A1F}.Release|x86.Build.0 = Release|Any CPU
		{3C55F280-C6DF-4FEE-8AD2-B8D51CD4C84F}.Debug|Any CPU.ActiveCfg = Debug|Any CPU
		{3C55F280-C6DF-4FEE-8AD2-B8D51CD4C84F}.Debug|Any CPU.Build.0 = Debug|Any CPU
		{3C55F280-C6DF-4FEE-8AD2-B8D51CD4C84F}.Debug|x64.ActiveCfg = Debug|Any CPU
		{3C55F280-C6DF-4FEE-8AD2-B8D51CD4C84F}.Debug|x64.Build.0 = Debug|Any CPU
		{3C55F280-C6DF-4FEE-8AD2-B8D51CD4C84F}.Debug|x86.ActiveCfg = Debug|Any CPU
		{3C55F280-C6DF-4FEE-8AD2-B8D51CD4C84F}.Debug|x86.Build.0 = Debug|Any CPU
		{3C55F280-C6DF-4FEE-8AD2-B8D51CD4C84F}.Release|Any CPU.ActiveCfg = Release|Any CPU
		{3C55F280-C6DF-4FEE-8AD2-B8D51CD4C84F}.Release|Any CPU.Build.0 = Release|Any CPU
		{3C55F280-C6DF-4FEE-8AD2-B8D51CD4C84F}.Release|x64.ActiveCfg = Release|Any CPU
		{3C55F280-C6DF-4FEE-8AD2-B8D51CD4C84F}.Release|x64.Build.0 = Release|Any CPU
		{3C55F280-C6DF-4FEE-8AD2-B8D51CD4C84F}.Release|x86.ActiveCfg = Release|Any CPU
		{3C55F280-C6DF-4FEE-8AD2-B8D51CD4C84F}.Release|x86.Build.0 = Release|Any CPU
		{EA422B4E-BB8C-41B4-AFF7-97BF3897EA67}.Debug|Any CPU.ActiveCfg = Debug|Any CPU
		{EA422B4E-BB8C-41B4-AFF7-97BF3897EA67}.Debug|Any CPU.Build.0 = Debug|Any CPU
		{EA422B4E-BB8C-41B4-AFF7-97BF3897EA67}.Debug|x64.ActiveCfg = Debug|Any CPU
		{EA422B4E-BB8C-41B4-AFF7-97BF3897EA67}.Debug|x64.Build.0 = Debug|Any CPU
		{EA422B4E-BB8C-41B4-AFF7-97BF3897EA67}.Debug|x86.ActiveCfg = Debug|Any CPU
		{EA422B4E-BB8C-41B4-AFF7-97BF3897EA67}.Debug|x86.Build.0 = Debug|Any CPU
		{EA422B4E-BB8C-41B4-AFF7-97BF3897EA67}.Release|Any CPU.ActiveCfg = Release|Any CPU
		{EA422B4E-BB8C-41B4-AFF7-97BF3897EA67}.Release|Any CPU.Build.0 = Release|Any CPU
		{EA422B4E-BB8C-41B4-AFF7-97BF3897EA67}.Release|x64.ActiveCfg = Release|Any CPU
		{EA422B4E-BB8C-41B4-AFF7-97BF3897EA67}.Release|x64.Build.0 = Release|Any CPU
		{EA422B4E-BB8C-41B4-AFF7-97BF3897EA67}.Release|x86.ActiveCfg = Release|Any CPU
		{EA422B4E-BB8C-41B4-AFF7-97BF3897EA67}.Release|x86.Build.0 = Release|Any CPU
	EndGlobalSection
	GlobalSection(SolutionProperties) = preSolution
		HideSolutionNode = FALSE
	EndGlobalSection
	GlobalSection(NestedProjects) = preSolution
		{F98FEFA4-E576-40C6-8894-EC07AA5B0DB5} = {7266C4A9-E384-DC00-0EB6-47F6002CFBA7}
		{EB586A60-27AF-8045-D933-6C2DD04C24B0} = {CA253913-39DE-BFD0-C9A3-4B7EC6FBDF17}
		{86B6C4E8-963D-41BC-B577-D3D61B0B6A1F} = {EB586A60-27AF-8045-D933-6C2DD04C24B0}
		{3C55F280-C6DF-4FEE-8AD2-B8D51CD4C84F} = {EB586A60-27AF-8045-D933-6C2DD04C24B0}
		{EA422B4E-BB8C-41B4-AFF7-97BF3897EA67} = {EB586A60-27AF-8045-D933-6C2DD04C24B0}
	EndGlobalSection
EndGlobal
